
Microsoft Visual Studio Solution File, Format Version 12.00
# Visual Studio Version 17
VisualStudioVersion = 17.6.33829.357
MinimumVisualStudioVersion = 10.0.40219.1
Project("{FAE04EC0-301F-11D3-BF4B-00C04F79EFBC}") = "CSharpOOP", "CSharpOOP\CSharpOOP.csproj", "{AD1F8902-8677-47D2-A101-434E7EEAAF81}"
EndProject
Global
	GlobalSection(SolutionConfigurationPlatforms) = preSolution
		Debug|Any CPU = Debug|Any CPU
		Release|Any CPU = Release|Any CPU
	EndGlobalSection
	GlobalSection(ProjectConfigurationPlatforms) = postSolution
		{AD1F8902-8677-47D2-A101-434E7EEAAF81}.Debug|Any CPU.ActiveCfg = Debug|Any CPU
		{AD1F8902-8677-47D2-A101-434E7EEAAF81}.Debug|Any CPU.Build.0 = Debug|Any CPU
		{AD1F8902-8677-47D2-A101-434E7EEAAF81}.Release|Any CPU.ActiveCfg = Release|Any CPU
		{AD1F8902-8677-47D2-A101-434E7EEAAF81}.Release|Any CPU.Build.0 = Release|Any CPU
	EndGlobalSection
	GlobalSection(SolutionProperties) = preSolution
		HideSolutionNode = FALSE
	EndGlobalSection
	GlobalSection(ExtensibilityGlobals) = postSolution
		SolutionGuid = {59DD27E2-38A8-43CE-8571-19D657A4FEA4}
	EndGlobalSection
EndGlobal
